
Microsoft Visual Studio Solution File, Format Version 12.00
# Visual Studio Version 17
VisualStudioVersion = 17.0.32112.339
MinimumVisualStudioVersion = 10.0.40219.1
Project("{9A19103F-16F7-4668-BE54-9A1E7A4F7556}") = "LessonOne", "LessonOne\LessonOne.csproj", "{48DE7BD8-000F-47E9-A1F8-359F84597FBD}"
EndProject
Project("{9A19103F-16F7-4668-BE54-9A1E7A4F7556}") = "LessonTwo", "LessonTwo\LessonTwo.csproj", "{423558B6-B800-4798-ACC7-344E959769F0}"
EndProject
Project("{9A19103F-16F7-4668-BE54-9A1E7A4F7556}") = "LessonThree", "LessonThree\LessonThree.csproj", "{47135259-F201-4906-ADCD-DA705017AED0}"
EndProject
Project("{9A19103F-16F7-4668-BE54-9A1E7A4F7556}") = "LessonFour", "LessonFour\LessonFour.csproj", "{DA5588BD-AAC4-4F26-8879-38F3A07687EF}"
EndProject
Project("{9A19103F-16F7-4668-BE54-9A1E7A4F7556}") = "LessonFive", "LessonFive\LessonFive.csproj", "{4D859ACF-3D74-4E0B-9F4D-C23321DEA71D}"
EndProject
Project("{9A19103F-16F7-4668-BE54-9A1E7A4F7556}") = "LessonSix", "LessonSix\LessonSix.csproj", "{1A2595F8-6976-43E0-BE44-6D5A2A6A2A67}"
EndProject
Project("{9A19103F-16F7-4668-BE54-9A1E7A4F7556}") = "LessonSeven", "LessonSeven\LessonSeven.csproj", "{AF222907-41CD-45CF-B0C1-D300E32AD817}"
EndProject
Project("{9A19103F-16F7-4668-BE54-9A1E7A4F7556}") = "LessonEight(One)", "LessonEight\LessonEight(One).csproj", "{A5BAAD75-6689-43DF-BAD8-D1B920D7FAFB}"
EndProject
Project("{9A19103F-16F7-4668-BE54-9A1E7A4F7556}") = "LessonSeven(AnonymousType)", "LessonSeven(AnonymousType)\LessonSeven(AnonymousType).csproj", "{9B5B479B-335C-4798-A2CE-C1D6A2745426}"
EndProject
Project("{9A19103F-16F7-4668-BE54-9A1E7A4F7556}") = "LessonEight(Two)", "LessonEight(Two)\LessonEight(Two).csproj", "{A5C45417-76F1-4952-94B2-A5CBDB7703DA}"
EndProject
Project("{FAE04EC0-301F-11D3-BF4B-00C04F79EFBC}") = "LessonEight(Three)", "LessonEight(Three)\LessonEight(Three).csproj", "{FA652F3F-95EF-4DAF-8AA2-E4A32C38261E}"
EndProject
Project("{FAE04EC0-301F-11D3-BF4B-00C04F79EFBC}") = "LessonEight(Four)", "LessonEight(Four)\LessonEight(Four).csproj", "{38559EC6-C3EE-4B60-A446-CAAA35CB46F1}"
EndProject
Global
	GlobalSection(SolutionConfigurationPlatforms) = preSolution
		Debug|Any CPU = Debug|Any CPU
		Release|Any CPU = Release|Any CPU
	EndGlobalSection
	GlobalSection(ProjectConfigurationPlatforms) = postSolution
		{48DE7BD8-000F-47E9-A1F8-359F84597FBD}.Debug|Any CPU.ActiveCfg = Debug|Any CPU
		{48DE7BD8-000F-47E9-A1F8-359F84597FBD}.Debug|Any CPU.Build.0 = Debug|Any CPU
		{48DE7BD8-000F-47E9-A1F8-359F84597FBD}.Release|Any CPU.ActiveCfg = Release|Any CPU
		{48DE7BD8-000F-47E9-A1F8-359F84597FBD}.Release|Any CPU.Build.0 = Release|Any CPU
		{423558B6-B800-4798-ACC7-344E959769F0}.Debug|Any CPU.ActiveCfg = Debug|Any CPU
		{423558B6-B800-4798-ACC7-344E959769F0}.Debug|Any CPU.Build.0 = Debug|Any CPU
		{423558B6-B800-4798-ACC7-344E959769F0}.Release|Any CPU.ActiveCfg = Release|Any CPU
		{423558B6-B800-4798-ACC7-344E959769F0}.Release|Any CPU.Build.0 = Release|Any CPU
		{47135259-F201-4906-ADCD-DA705017AED0}.Debug|Any CPU.ActiveCfg = Debug|Any CPU
		{47135259-F201-4906-ADCD-DA705017AED0}.Debug|Any CPU.Build.0 = Debug|Any CPU
		{47135259-F201-4906-ADCD-DA705017AED0}.Release|Any CPU.ActiveCfg = Release|Any CPU
		{47135259-F201-4906-ADCD-DA705017AED0}.Release|Any CPU.Build.0 = Release|Any CPU
		{DA5588BD-AAC4-4F26-8879-38F3A07687EF}.Debug|Any CPU.ActiveCfg = Debug|Any CPU
		{DA5588BD-AAC4-4F26-8879-38F3A07687EF}.Debug|Any CPU.Build.0 = Debug|Any CPU
		{DA5588BD-AAC4-4F26-8879-38F3A07687EF}.Release|Any CPU.ActiveCfg = Release|Any CPU
		{DA5588BD-AAC4-4F26-8879-38F3A07687EF}.Release|Any CPU.Build.0 = Release|Any CPU
		{4D859ACF-3D74-4E0B-9F4D-C23321DEA71D}.Debug|Any CPU.ActiveCfg = Debug|Any CPU
		{4D859ACF-3D74-4E0B-9F4D-C23321DEA71D}.Debug|Any CPU.Build.0 = Debug|Any CPU
		{4D859ACF-3D74-4E0B-9F4D-C23321DEA71D}.Release|Any CPU.ActiveCfg = Release|Any CPU
		{4D859ACF-3D74-4E0B-9F4D-C23321DEA71D}.Release|Any CPU.Build.0 = Release|Any CPU
		{1A2595F8-6976-43E0-BE44-6D5A2A6A2A67}.Debug|Any CPU.ActiveCfg = Debug|Any CPU
		{1A2595F8-6976-43E0-BE44-6D5A2A6A2A67}.Debug|Any CPU.Build.0 = Debug|Any CPU
		{1A2595F8-6976-43E0-BE44-6D5A2A6A2A67}.Release|Any CPU.ActiveCfg = Release|Any CPU
		{1A2595F8-6976-43E0-BE44-6D5A2A6A2A67}.Release|Any CPU.Build.0 = Release|Any CPU
		{AF222907-41CD-45CF-B0C1-D300E32AD817}.Debug|Any CPU.ActiveCfg = Debug|Any CPU
		{AF222907-41CD-45CF-B0C1-D300E32AD817}.Debug|Any CPU.Build.0 = Debug|Any CPU
		{AF222907-41CD-45CF-B0C1-D300E32AD817}.Release|Any CPU.ActiveCfg = Release|Any CPU
		{AF222907-41CD-45CF-B0C1-D300E32AD817}.Release|Any CPU.Build.0 = Release|Any CPU
		{A5BAAD75-6689-43DF-BAD8-D1B920D7FAFB}.Debug|Any CPU.ActiveCfg = Debug|Any CPU
		{A5BAAD75-6689-43DF-BAD8-D1B920D7FAFB}.Debug|Any CPU.Build.0 = Debug|Any CPU
		{A5BAAD75-6689-43DF-BAD8-D1B920D7FAFB}.Release|Any CPU.ActiveCfg = Release|Any CPU
		{A5BAAD75-6689-43DF-BAD8-D1B920D7FAFB}.Release|Any CPU.Build.0 = Release|Any CPU
		{9B5B479B-335C-4798-A2CE-C1D6A2745426}.Debug|Any CPU.ActiveCfg = Debug|Any CPU
		{9B5B479B-335C-4798-A2CE-C1D6A2745426}.Debug|Any CPU.Build.0 = Debug|Any CPU
		{9B5B479B-335C-4798-A2CE-C1D6A2745426}.Release|Any CPU.ActiveCfg = Release|Any CPU
		{9B5B479B-335C-4798-A2CE-C1D6A2745426}.Release|Any CPU.Build.0 = Release|Any CPU
		{A5C45417-76F1-4952-94B2-A5CBDB7703DA}.Debug|Any CPU.ActiveCfg = Debug|Any CPU
		{A5C45417-76F1-4952-94B2-A5CBDB7703DA}.Debug|Any CPU.Build.0 = Debug|Any CPU
		{A5C45417-76F1-4952-94B2-A5CBDB7703DA}.Release|Any CPU.ActiveCfg = Release|Any CPU
		{A5C45417-76F1-4952-94B2-A5CBDB7703DA}.Release|Any CPU.Build.0 = Release|Any CPU
		{FA652F3F-95EF-4DAF-8AA2-E4A32C38261E}.Debug|Any CPU.ActiveCfg = Debug|Any CPU
		{FA652F3F-95EF-4DAF-8AA2-E4A32C38261E}.Debug|Any CPU.Build.0 = Debug|Any CPU
		{FA652F3F-95EF-4DAF-8AA2-E4A32C38261E}.Release|Any CPU.ActiveCfg = Release|Any CPU
		{FA652F3F-95EF-4DAF-8AA2-E4A32C38261E}.Release|Any CPU.Build.0 = Release|Any CPU
		{38559EC6-C3EE-4B60-A446-CAAA35CB46F1}.Debug|Any CPU.ActiveCfg = Debug|Any CPU
		{38559EC6-C3EE-4B60-A446-CAAA35CB46F1}.Debug|Any CPU.Build.0 = Debug|Any CPU
		{38559EC6-C3EE-4B60-A446-CAAA35CB46F1}.Release|Any CPU.ActiveCfg = Release|Any CPU
		{38559EC6-C3EE-4B60-A446-CAAA35CB46F1}.Release|Any CPU.Build.0 = Release|Any CPU
	EndGlobalSection
	GlobalSection(SolutionProperties) = preSolution
		HideSolutionNode = FALSE
	EndGlobalSection
	GlobalSection(ExtensibilityGlobals) = postSolution
		SolutionGuid = {13FD0C0F-C291-4BBF-997E-20E780F108C1}
	EndGlobalSection
EndGlobal
